<?xml version="1.0" encoding="utf-8"?>
<Project ToolsVersion="4.0" xmlns="http://schemas.microsoft.com/developer/msbuild/2003">
  <ItemGroup>
    <Filter Include="Header Files">
      <UniqueIdentifier>{460e12c5-63ec-428d-998e-ea620f1888f6}</UniqueIdentifier>
      <Extensions>.h</Extensions>
    </Filter>
    <Filter Include="Source Files">
      <UniqueIdentifier>{91fe571f-2240-48af-ba21-8445795783c3}</UniqueIdentifier>
      <Extensions>.cpp, .c</Extensions>
    </Filter>
    <Filter Include="Resource Files">
      <UniqueIdentifier>{b195e659-8c94-460a-91a1-b63058f77709}</UniqueIdentifier>
      <Extensions>ico;cur;bmp;dlg;rc2;rct;bin;rgs;gif;jpg;jpeg;jpe</Extensions>
    </Filter>
  </ItemGroup>
  <ItemGroup>
    <ClInclude Include="amcap.h">
      <Filter>Header Files</Filter>
    </ClInclude>
    <ClInclude Include="crossbar.h">
      <Filter>Header Files</Filter>
    </ClInclude>
    <ClInclude Include="SampleCGB.h">
      <Filter>Header Files</Filter>
    </ClInclude>
    <ClInclude Include="status.h">
      <Filter>Header Files</Filter>
    </ClInclude>
    <ClInclude Include="stdafx.h">
      <Filter>Header Files</Filter>
    </ClInclude>
    <ClInclude Include="resource.h" />
    <ClInclude Include="targetver.h">
      <Filter>Header Files</Filter>
    </ClInclude>
  </ItemGroup>
  <ItemGroup>
    <ClCompile Include="amcap.cpp">
      <Filter>Source Files</Filter>
    </ClCompile>
    <ClCompile Include="crossbar.cpp">
      <Filter>Source Files</Filter>
    </ClCompile>
    <ClCompile Include="SampleCGB.cpp">
      <Filter>Source Files</Filter>
    </ClCompile>
    <ClCompile Include="status.cpp">
      <Filter>Source Files</Filter>
    </ClCompile>
    <ClCompile Include="stdafx.cpp">
      <Filter>Source Files</Filter>
    </ClCompile>
  </ItemGroup>
  <ItemGroup>
    <Image Include="amcap.ico">
      <Filter>Resource Files</Filter>
    </Image>
  </ItemGroup>
  <ItemGroup>
    <ResourceCompile Include="amcap.rc">
      <Filter>Resource Files</Filter>
    </ResourceCompile>
  </ItemGroup>
</Project>