
Microsoft Visual Studio Solution File, Format Version 9.00
# Visual Studio 2005
Project("{8BC9CEB8-8B4A-11D0-8D11-00A0C91BC942}") = "amcap", "amcap.vcproj", "{A86FD42E-C65B-4CE8-9642-422E5DE998D6}"
EndProject
Global
	GlobalSection(SolutionConfigurationPlatforms) = preSolution
		Debug Unicode|Win32 = Debug Unicode|Win32
		Debug|Win32 = Debug|Win32
		Release Unicode|Win32 = Release Unicode|Win32
		Release|Win32 = Release|Win32
	EndGlobalSection
	GlobalSection(ProjectConfigurationPlatforms) = postSolution
		{A86FD42E-C65B-4CE8-9642-422E5DE998D6}.Debug Unicode|Win32.ActiveCfg = Debug Unicode|Win32
		{A86FD42E-C65B-4CE8-9642-422E5DE998D6}.Debug Unicode|Win32.Build.0 = Debug Unicode|Win32
		{A86FD42E-C65B-4CE8-9642-422E5DE998D6}.Debug|Win32.ActiveCfg = Debug|Win32
		{A86FD42E-C65B-4CE8-9642-422E5DE998D6}.Debug|Win32.Build.0 = Debug|Win32
		{A86FD42E-C65B-4CE8-9642-422E5DE998D6}.Release Unicode|Win32.ActiveCfg = Release Unicode|Win32
		{A86FD42E-C65B-4CE8-9642-422E5DE998D6}.Release Unicode|Win32.Build.0 = Release Unicode|Win32
		{A86FD42E-C65B-4CE8-9642-422E5DE998D6}.Release|Win32.ActiveCfg = Release|Win32
		{A86FD42E-C65B-4CE8-9642-422E5DE998D6}.Release|Win32.Build.0 = Release|Win32
	EndGlobalSection
	GlobalSection(SolutionProperties) = preSolution
		HideSolutionNode = FALSE
	EndGlobalSection
EndGlobal
